
Microsoft Visual Studio Solution File, Format Version 12.00
# Visual Studio Version 17
VisualStudioVersion = 17.8.34330.188
MinimumVisualStudioVersion = 10.0.40219.1
Project("{9A19103F-16F7-4668-BE54-9A1E7A4F7556}") = "MinimalApi.FirstExercise", "MinimalApi.FirstExercise\MinimalApi.FirstExercise.csproj", "{036FAE64-1828-4F80-AF93-D9F9BE3D6010}"
EndProject
Project("{FAE04EC0-301F-11D3-BF4B-00C04F79EFBC}") = "MinimalApi.Library", "MinimalApi.Library\MinimalApi.Library.csproj", "{4155D9AB-E349-48B6-B21B-67AAE40972ED}"
EndProject
Global
	GlobalSection(SolutionConfigurationPlatforms) = preSolution
		Debug|Any CPU = Debug|Any CPU
		Release|Any CPU = Release|Any CPU
	EndGlobalSection
	GlobalSection(ProjectConfigurationPlatforms) = postSolution
		{036FAE64-1828-4F80-AF93-D9F9BE3D6010}.Debug|Any CPU.ActiveCfg = Debug|Any CPU
		{036FAE64-1828-4F80-AF93-D9F9BE3D6010}.Debug|Any CPU.Build.0 = Debug|Any CPU
		{036FAE64-1828-4F80-AF93-D9F9BE3D6010}.Release|Any CPU.ActiveCfg = Release|Any CPU
		{036FAE64-1828-4F80-AF93-D9F9BE3D6010}.Release|Any CPU.Build.0 = Release|Any CPU
		{4155D9AB-E349-48B6-B21B-67AAE40972ED}.Debug|Any CPU.ActiveCfg = Debug|Any CPU
		{4155D9AB-E349-48B6-B21B-67AAE40972ED}.Debug|Any CPU.Build.0 = Debug|Any CPU
		{4155D9AB-E349-48B6-B21B-67AAE40972ED}.Release|Any CPU.ActiveCfg = Release|Any CPU
		{4155D9AB-E349-48B6-B21B-67AAE40972ED}.Release|Any CPU.Build.0 = Release|Any CPU
	EndGlobalSection
	GlobalSection(SolutionProperties) = preSolution
		HideSolutionNode = FALSE
	EndGlobalSection
	GlobalSection(ExtensibilityGlobals) = postSolution
		SolutionGuid = {4AEDF398-2152-4E21-AE3B-460FBBD4767A}
	EndGlobalSection
EndGlobal
